// !$*UTF8*$!
{
	archiveVersion = 1;
	classes = {
	};
	objectVersion = 56;
	objects = {

/* Begin PBXBuildFile section */
		A57C92EC2A2F618100505EFB /* AppDelegate.swift in Sources */ = {isa = PBXBuildFile; fileRef = A57C92EB2A2F618100505EFB /* AppDelegate.swift */; };
		A57C92EE2A2F618100505EFB /* SceneDelegate.swift in Sources */ = {isa = PBXBuildFile; fileRef = A57C92ED2A2F618100505EFB /* SceneDelegate.swift */; };
		A57C92F02A2F618100505EFB /* ViewController.swift in Sources */ = {isa = PBXBuildFile; fileRef = A57C92EF2A2F618100505EFB /* ViewController.swift */; };
		A57C92F32A2F618100505EFB /* Main.storyboard in Resources */ = {isa = PBXBuildFile; fileRef = A57C92F12A2F618100505EFB /* Main.storyboard */; };
		A57C92F62A2F618100505EFB /* appNotifica.xcdatamodeld in Sources */ = {isa = PBXBuildFile; fileRef = A57C92F42A2F618100505EFB /* appNotifica.xcdatamodeld */; };
		A57C92F82A2F618400505EFB /* Assets.xcassets in Resources */ = {isa = PBXBuildFile; fileRef = A57C92F72A2F618400505EFB /* Assets.xcassets */; };
		A57C92FB2A2F618400505EFB /* LaunchScreen.storyboard in Resources */ = {isa = PBXBuildFile; fileRef = A57C92F92A2F618400505EFB /* LaunchScreen.storyboard */; };
		A57C93062A2F618500505EFB /* appNotificaTests.swift in Sources */ = {isa = PBXBuildFile; fileRef = A57C93052A2F618500505EFB /* appNotificaTests.swift */; };
		A57C93102A2F618500505EFB /* appNotificaUITests.swift in Sources */ = {isa = PBXBuildFile; fileRef = A57C930F2A2F618500505EFB /* appNotificaUITests.swift */; };
		A57C93122A2F618500505EFB /* appNotificaUITestsLaunchTests.swift in Sources */ = {isa = PBXBuildFile; fileRef = A57C93112A2F618500505EFB /* appNotificaUITestsLaunchTests.swift */; };
		A58975432A4B1A8000CCDBE7 /* Coordinator.swift in Sources */ = {isa = PBXBuildFile; fileRef = A58975422A4B1A8000CCDBE7 /* Coordinator.swift */; };
		A58975452A4B1ADC00CCDBE7 /* LoginCoordinator.swift in Sources */ = {isa = PBXBuildFile; fileRef = A58975442A4B1ADC00CCDBE7 /* LoginCoordinator.swift */; };
		A58975482A4B1C7400CCDBE7 /* LoginView.swift in Sources */ = {isa = PBXBuildFile; fileRef = A58975472A4B1C7400CCDBE7 /* LoginView.swift */; };
		A589754A2A4B1C8500CCDBE7 /* LoginViewController.swift in Sources */ = {isa = PBXBuildFile; fileRef = A58975492A4B1C8500CCDBE7 /* LoginViewController.swift */; };
		A589754E2A4B7C0500CCDBE7 /* UIcolor+.swift in Sources */ = {isa = PBXBuildFile; fileRef = A589754D2A4B7C0500CCDBE7 /* UIcolor+.swift */; };
		A58975512A4B819900CCDBE7 /* LabelDefault.swift in Sources */ = {isa = PBXBuildFile; fileRef = A58975502A4B819900CCDBE7 /* LabelDefault.swift */; };
		A58975532A4B81BF00CCDBE7 /* TextFieldDefault.swift in Sources */ = {isa = PBXBuildFile; fileRef = A58975522A4B81BF00CCDBE7 /* TextFieldDefault.swift */; };
		A58975562A4B81EE00CCDBE7 /* ButtonDefault.swift in Sources */ = {isa = PBXBuildFile; fileRef = A58975552A4B81EE00CCDBE7 /* ButtonDefault.swift */; };
		A58975582A4B822500CCDBE7 /* ImageDefault.swift in Sources */ = {isa = PBXBuildFile; fileRef = A58975572A4B822500CCDBE7 /* ImageDefault.swift */; };
		A589755E2A4DBA4A00CCDBE7 /* RegisterView.swift in Sources */ = {isa = PBXBuildFile; fileRef = A589755D2A4DBA4A00CCDBE7 /* RegisterView.swift */; };
		A58975602A4DBA5800CCDBE7 /* RegisterViewController.swift in Sources */ = {isa = PBXBuildFile; fileRef = A589755F2A4DBA5800CCDBE7 /* RegisterViewController.swift */; };
		A58975622A4DBB3200CCDBE7 /* RegisterCoordinator.swift in Sources */ = {isa = PBXBuildFile; fileRef = A58975612A4DBB3200CCDBE7 /* RegisterCoordinator.swift */; };
		A58975642A4DC3D900CCDBE7 /* ViewControllerDefault.swift in Sources */ = {isa = PBXBuildFile; fileRef = A58975632A4DC3D900CCDBE7 /* ViewControllerDefault.swift */; };
		A58975672A4DC41700CCDBE7 /* HomeView.swift in Sources */ = {isa = PBXBuildFile; fileRef = A58975662A4DC41700CCDBE7 /* HomeView.swift */; };
		A58975692A4DC42100CCDBE7 /* HomeViewController.swift in Sources */ = {isa = PBXBuildFile; fileRef = A58975682A4DC42100CCDBE7 /* HomeViewController.swift */; };
		A589756B2A4DC52E00CCDBE7 /* HomeCoordinator.swift in Sources */ = {isa = PBXBuildFile; fileRef = A589756A2A4DC52E00CCDBE7 /* HomeCoordinator.swift */; };
		A589756D2A5206AC00CCDBE7 /* ViewDefault.swift in Sources */ = {isa = PBXBuildFile; fileRef = A589756C2A5206AC00CCDBE7 /* ViewDefault.swift */; };
/* End PBXBuildFile section */

/* Begin PBXContainerItemProxy section */
		A57C93022A2F618500505EFB /* PBXContainerItemProxy */ = {
			isa = PBXContainerItemProxy;
			containerPortal = A57C92E02A2F618100505EFB /* Project object */;
			proxyType = 1;
			remoteGlobalIDString = A57C92E72A2F618100505EFB;
			remoteInfo = appNotifica;
		};
		A57C930C2A2F618500505EFB /* PBXContainerItemProxy */ = {
			isa = PBXContainerItemProxy;
			containerPortal = A57C92E02A2F618100505EFB /* Project object */;
			proxyType = 1;
			remoteGlobalIDString = A57C92E72A2F618100505EFB;
			remoteInfo = appNotifica;
		};
/* End PBXContainerItemProxy section */

/* Begin PBXFileReference section */
		A57C92E82A2F618100505EFB /* appNotifica.app */ = {isa = PBXFileReference; explicitFileType = wrapper.application; includeInIndex = 0; path = appNotifica.app; sourceTree = BUILT_PRODUCTS_DIR; };
		A57C92EB2A2F618100505EFB /* AppDelegate.swift */ = {isa = PBXFileReference; lastKnownFileType = sourcecode.swift; path = AppDelegate.swift; sourceTree = "<group>"; };
		A57C92ED2A2F618100505EFB /* SceneDelegate.swift */ = {isa = PBXFileReference; lastKnownFileType = sourcecode.swift; path = SceneDelegate.swift; sourceTree = "<group>"; };
		A57C92EF2A2F618100505EFB /* ViewController.swift */ = {isa = PBXFileReference; lastKnownFileType = sourcecode.swift; path = ViewController.swift; sourceTree = "<group>"; };
		A57C92F22A2F618100505EFB /* Base */ = {isa = PBXFileReference; lastKnownFileType = file.storyboard; name = Base; path = Base.lproj/Main.storyboard; sourceTree = "<group>"; };
		A57C92F52A2F618100505EFB /* appNotifica.xcdatamodel */ = {isa = PBXFileReference; lastKnownFileType = wrapper.xcdatamodel; path = appNotifica.xcdatamodel; sourceTree = "<group>"; };
		A57C92F72A2F618400505EFB /* Assets.xcassets */ = {isa = PBXFileReference; lastKnownFileType = folder.assetcatalog; path = Assets.xcassets; sourceTree = "<group>"; };
		A57C92FA2A2F618400505EFB /* Base */ = {isa = PBXFileReference; lastKnownFileType = file.storyboard; name = Base; path = Base.lproj/LaunchScreen.storyboard; sourceTree = "<group>"; };
		A57C92FC2A2F618400505EFB /* Info.plist */ = {isa = PBXFileReference; lastKnownFileType = text.plist.xml; path = Info.plist; sourceTree = "<group>"; };
		A57C93012A2F618500505EFB /* appNotificaTests.xctest */ = {isa = PBXFileReference; explicitFileType = wrapper.cfbundle; includeInIndex = 0; path = appNotificaTests.xctest; sourceTree = BUILT_PRODUCTS_DIR; };
		A57C93052A2F618500505EFB /* appNotificaTests.swift */ = {isa = PBXFileReference; lastKnownFileType = sourcecode.swift; path = appNotificaTests.swift; sourceTree = "<group>"; };
		A57C930B2A2F618500505EFB /* appNotificaUITests.xctest */ = {isa = PBXFileReference; explicitFileType = wrapper.cfbundle; includeInIndex = 0; path = appNotificaUITests.xctest; sourceTree = BUILT_PRODUCTS_DIR; };
		A57C930F2A2F618500505EFB /* appNotificaUITests.swift */ = {isa = PBXFileReference; lastKnownFileType = sourcecode.swift; path = appNotificaUITests.swift; sourceTree = "<group>"; };
		A57C93112A2F618500505EFB /* appNotificaUITestsLaunchTests.swift */ = {isa = PBXFileReference; lastKnownFileType = sourcecode.swift; path = appNotificaUITestsLaunchTests.swift; sourceTree = "<group>"; };
		A58975422A4B1A8000CCDBE7 /* Coordinator.swift */ = {isa = PBXFileReference; lastKnownFileType = sourcecode.swift; path = Coordinator.swift; sourceTree = "<group>"; };
		A58975442A4B1ADC00CCDBE7 /* LoginCoordinator.swift */ = {isa = PBXFileReference; lastKnownFileType = sourcecode.swift; path = LoginCoordinator.swift; sourceTree = "<group>"; };
		A58975472A4B1C7400CCDBE7 /* LoginView.swift */ = {isa = PBXFileReference; lastKnownFileType = sourcecode.swift; path = LoginView.swift; sourceTree = "<group>"; };
		A58975492A4B1C8500CCDBE7 /* LoginViewController.swift */ = {isa = PBXFileReference; lastKnownFileType = sourcecode.swift; path = LoginViewController.swift; sourceTree = "<group>"; };
		A589754D2A4B7C0500CCDBE7 /* UIcolor+.swift */ = {isa = PBXFileReference; lastKnownFileType = sourcecode.swift; path = "UIcolor+.swift"; sourceTree = "<group>"; };
		A58975502A4B819900CCDBE7 /* LabelDefault.swift */ = {isa = PBXFileReference; lastKnownFileType = sourcecode.swift; path = LabelDefault.swift; sourceTree = "<group>"; };
		A58975522A4B81BF00CCDBE7 /* TextFieldDefault.swift */ = {isa = PBXFileReference; lastKnownFileType = sourcecode.swift; path = TextFieldDefault.swift; sourceTree = "<group>"; };
		A58975552A4B81EE00CCDBE7 /* ButtonDefault.swift */ = {isa = PBXFileReference; lastKnownFileType = sourcecode.swift; path = ButtonDefault.swift; sourceTree = "<group>"; };
		A58975572A4B822500CCDBE7 /* ImageDefault.swift */ = {isa = PBXFileReference; lastKnownFileType = sourcecode.swift; path = ImageDefault.swift; sourceTree = "<group>"; };
		A589755D2A4DBA4A00CCDBE7 /* RegisterView.swift */ = {isa = PBXFileReference; lastKnownFileType = sourcecode.swift; path = RegisterView.swift; sourceTree = "<group>"; };
		A589755F2A4DBA5800CCDBE7 /* RegisterViewController.swift */ = {isa = PBXFileReference; lastKnownFileType = sourcecode.swift; path = RegisterViewController.swift; sourceTree = "<group>"; };
		A58975612A4DBB3200CCDBE7 /* RegisterCoordinator.swift */ = {isa = PBXFileReference; lastKnownFileType = sourcecode.swift; path = RegisterCoordinator.swift; sourceTree = "<group>"; };
		A58975632A4DC3D900CCDBE7 /* ViewControllerDefault.swift */ = {isa = PBXFileReference; lastKnownFileType = sourcecode.swift; path = ViewControllerDefault.swift; sourceTree = "<group>"; };
		A58975662A4DC41700CCDBE7 /* HomeView.swift */ = {isa = PBXFileReference; lastKnownFileType = sourcecode.swift; path = HomeView.swift; sourceTree = "<group>"; };
		A58975682A4DC42100CCDBE7 /* HomeViewController.swift */ = {isa = PBXFileReference; lastKnownFileType = sourcecode.swift; path = HomeViewController.swift; sourceTree = "<group>"; };
		A589756A2A4DC52E00CCDBE7 /* HomeCoordinator.swift */ = {isa = PBXFileReference; lastKnownFileType = sourcecode.swift; path = HomeCoordinator.swift; sourceTree = "<group>"; };
		A589756C2A5206AC00CCDBE7 /* ViewDefault.swift */ = {isa = PBXFileReference; lastKnownFileType = sourcecode.swift; path = ViewDefault.swift; sourceTree = "<group>"; };
/* End PBXFileReference section */

/* Begin PBXFrameworksBuildPhase section */
		A57C92E52A2F618100505EFB /* Frameworks */ = {
			isa = PBXFrameworksBuildPhase;
			buildActionMask = 2147483647;
			files = (
			);
			runOnlyForDeploymentPostprocessing = 0;
		};
		A57C92FE2A2F618500505EFB /* Frameworks */ = {
			isa = PBXFrameworksBuildPhase;
			buildActionMask = 2147483647;
			files = (
			);
			runOnlyForDeploymentPostprocessing = 0;
		};
		A57C93082A2F618500505EFB /* Frameworks */ = {
			isa = PBXFrameworksBuildPhase;
			buildActionMask = 2147483647;
			files = (
			);
			runOnlyForDeploymentPostprocessing = 0;
		};
/* End PBXFrameworksBuildPhase section */

/* Begin PBXGroup section */
		A57C92DF2A2F618100505EFB = {
			isa = PBXGroup;
			children = (
				A57C92EA2A2F618100505EFB /* appNotifica */,
				A57C93042A2F618500505EFB /* appNotificaTests */,
				A57C930E2A2F618500505EFB /* appNotificaUITests */,
				A57C92E92A2F618100505EFB /* Products */,
			);
			sourceTree = "<group>";
		};
		A57C92E92A2F618100505EFB /* Products */ = {
			isa = PBXGroup;
			children = (
				A57C92E82A2F618100505EFB /* appNotifica.app */,
				A57C93012A2F618500505EFB /* appNotificaTests.xctest */,
				A57C930B2A2F618500505EFB /* appNotificaUITests.xctest */,
			);
			name = Products;
			sourceTree = "<group>";
		};
		A57C92EA2A2F618100505EFB /* appNotifica */ = {
			isa = PBXGroup;
			children = (
				A58975592A4DB82500CCDBE7 /* Resource */,
				A589755A2A4DB83900CCDBE7 /* Source */,
			);
			path = appNotifica;
			sourceTree = "<group>";
		};
		A57C93042A2F618500505EFB /* appNotificaTests */ = {
			isa = PBXGroup;
			children = (
				A57C93052A2F618500505EFB /* appNotificaTests.swift */,
			);
			path = appNotificaTests;
			sourceTree = "<group>";
		};
		A57C930E2A2F618500505EFB /* appNotificaUITests */ = {
			isa = PBXGroup;
			children = (
				A57C930F2A2F618500505EFB /* appNotificaUITests.swift */,
				A57C93112A2F618500505EFB /* appNotificaUITestsLaunchTests.swift */,
			);
			path = appNotificaUITests;
			sourceTree = "<group>";
		};
		A58975412A4B1A4C00CCDBE7 /* Coordinator */ = {
			isa = PBXGroup;
			children = (
				A58975442A4B1ADC00CCDBE7 /* LoginCoordinator.swift */,
				A58975422A4B1A8000CCDBE7 /* Coordinator.swift */,
				A58975612A4DBB3200CCDBE7 /* RegisterCoordinator.swift */,
				A589756A2A4DC52E00CCDBE7 /* HomeCoordinator.swift */,
			);
			path = Coordinator;
			sourceTree = "<group>";
		};
		A58975462A4B1C5000CCDBE7 /* Controller */ = {
			isa = PBXGroup;
			children = (
				A58975652A4DC3F200CCDBE7 /* Home */,
				A589755B2A4DBA1300CCDBE7 /* Register */,
				A589755C2A4DBA2A00CCDBE7 /* Login */,
			);
			path = Controller;
			sourceTree = "<group>";
		};
		A589754C2A4B7BED00CCDBE7 /* Extensions */ = {
			isa = PBXGroup;
			children = (
				A589754D2A4B7C0500CCDBE7 /* UIcolor+.swift */,
			);
			path = Extensions;
			sourceTree = "<group>";
		};
		A589754F2A4B817500CCDBE7 /* Infrastructure */ = {
			isa = PBXGroup;
			children = (
				A58975502A4B819900CCDBE7 /* LabelDefault.swift */,
				A58975522A4B81BF00CCDBE7 /* TextFieldDefault.swift */,
				A58975552A4B81EE00CCDBE7 /* ButtonDefault.swift */,
				A58975572A4B822500CCDBE7 /* ImageDefault.swift */,
				A58975632A4DC3D900CCDBE7 /* ViewControllerDefault.swift */,
				A589756C2A5206AC00CCDBE7 /* ViewDefault.swift */,
			);
			path = Infrastructure;
			sourceTree = "<group>";
		};
		A58975592A4DB82500CCDBE7 /* Resource */ = {
			isa = PBXGroup;
			children = (
				A57C92EB2A2F618100505EFB /* AppDelegate.swift */,
				A57C92ED2A2F618100505EFB /* SceneDelegate.swift */,
				A57C92EF2A2F618100505EFB /* ViewController.swift */,
				A57C92F12A2F618100505EFB /* Main.storyboard */,
				A57C92F72A2F618400505EFB /* Assets.xcassets */,
				A57C92F92A2F618400505EFB /* LaunchScreen.storyboard */,
				A57C92F42A2F618100505EFB /* appNotifica.xcdatamodeld */,
			);
			path = Resource;
			sourceTree = "<group>";
		};
		A589755A2A4DB83900CCDBE7 /* Source */ = {
			isa = PBXGroup;
			children = (
				A589754C2A4B7BED00CCDBE7 /* Extensions */,
				A589754F2A4B817500CCDBE7 /* Infrastructure */,
				A58975462A4B1C5000CCDBE7 /* Controller */,
				A58975412A4B1A4C00CCDBE7 /* Coordinator */,
				A57C92FC2A2F618400505EFB /* Info.plist */,
			);
			path = Source;
			sourceTree = "<group>";
		};
		A589755B2A4DBA1300CCDBE7 /* Register */ = {
			isa = PBXGroup;
			children = (
				A589755D2A4DBA4A00CCDBE7 /* RegisterView.swift */,
				A589755F2A4DBA5800CCDBE7 /* RegisterViewController.swift */,
			);
			path = Register;
			sourceTree = "<group>";
		};
		A589755C2A4DBA2A00CCDBE7 /* Login */ = {
			isa = PBXGroup;
			children = (
				A58975472A4B1C7400CCDBE7 /* LoginView.swift */,
				A58975492A4B1C8500CCDBE7 /* LoginViewController.swift */,
			);
			path = Login;
			sourceTree = "<group>";
		};
		A58975652A4DC3F200CCDBE7 /* Home */ = {
			isa = PBXGroup;
			children = (
				A58975662A4DC41700CCDBE7 /* HomeView.swift */,
				A58975682A4DC42100CCDBE7 /* HomeViewController.swift */,
			);
			path = Home;
			sourceTree = "<group>";
		};
/* End PBXGroup section */

/* Begin PBXNativeTarget section */
		A57C92E72A2F618100505EFB /* appNotifica */ = {
			isa = PBXNativeTarget;
			buildConfigurationList = A57C93152A2F618500505EFB /* Build configuration list for PBXNativeTarget "appNotifica" */;
			buildPhases = (
				A57C92E42A2F618100505EFB /* Sources */,
				A57C92E52A2F618100505EFB /* Frameworks */,
				A57C92E62A2F618100505EFB /* Resources */,
			);
			buildRules = (
			);
			dependencies = (
			);
			name = appNotifica;
			productName = appNotifica;
			productReference = A57C92E82A2F618100505EFB /* appNotifica.app */;
			productType = "com.apple.product-type.application";
		};
		A57C93002A2F618500505EFB /* appNotificaTests */ = {
			isa = PBXNativeTarget;
			buildConfigurationList = A57C93182A2F618500505EFB /* Build configuration list for PBXNativeTarget "appNotificaTests" */;
			buildPhases = (
				A57C92FD2A2F618500505EFB /* Sources */,
				A57C92FE2A2F618500505EFB /* Frameworks */,
				A57C92FF2A2F618500505EFB /* Resources */,
			);
			buildRules = (
			);
			dependencies = (
				A57C93032A2F618500505EFB /* PBXTargetDependency */,
			);
			name = appNotificaTests;
			productName = appNotificaTests;
			productReference = A57C93012A2F618500505EFB /* appNotificaTests.xctest */;
			productType = "com.apple.product-type.bundle.unit-test";
		};
		A57C930A2A2F618500505EFB /* appNotificaUITests */ = {
			isa = PBXNativeTarget;
			buildConfigurationList = A57C931B2A2F618500505EFB /* Build configuration list for PBXNativeTarget "appNotificaUITests" */;
			buildPhases = (
				A57C93072A2F618500505EFB /* Sources */,
				A57C93082A2F618500505EFB /* Frameworks */,
				A57C93092A2F618500505EFB /* Resources */,
			);
			buildRules = (
			);
			dependencies = (
				A57C930D2A2F618500505EFB /* PBXTargetDependency */,
			);
			name = appNotificaUITests;
			productName = appNotificaUITests;
			productReference = A57C930B2A2F618500505EFB /* appNotificaUITests.xctest */;
			productType = "com.apple.product-type.bundle.ui-testing";
		};
/* End PBXNativeTarget section */

/* Begin PBXProject section */
		A57C92E02A2F618100505EFB /* Project object */ = {
			isa = PBXProject;
			attributes = {
				BuildIndependentTargetsInParallel = 1;
				LastSwiftUpdateCheck = 1430;
				LastUpgradeCheck = 1430;
				TargetAttributes = {
					A57C92E72A2F618100505EFB = {
						CreatedOnToolsVersion = 14.3;
					};
					A57C93002A2F618500505EFB = {
						CreatedOnToolsVersion = 14.3;
						TestTargetID = A57C92E72A2F618100505EFB;
					};
					A57C930A2A2F618500505EFB = {
						CreatedOnToolsVersion = 14.3;
						TestTargetID = A57C92E72A2F618100505EFB;
					};
				};
			};
			buildConfigurationList = A57C92E32A2F618100505EFB /* Build configuration list for PBXProject "appNotifica" */;
			compatibilityVersion = "Xcode 14.0";
			developmentRegion = en;
			hasScannedForEncodings = 0;
			knownRegions = (
				en,
				Base,
			);
			mainGroup = A57C92DF2A2F618100505EFB;
			productRefGroup = A57C92E92A2F618100505EFB /* Products */;
			projectDirPath = "";
			projectRoot = "";
			targets = (
				A57C92E72A2F618100505EFB /* appNotifica */,
				A57C93002A2F618500505EFB /* appNotificaTests */,
				A57C930A2A2F618500505EFB /* appNotificaUITests */,
			);
		};
/* End PBXProject section */

/* Begin PBXResourcesBuildPhase section */
		A57C92E62A2F618100505EFB /* Resources */ = {
			isa = PBXResourcesBuildPhase;
			buildActionMask = 2147483647;
			files = (
				A57C92FB2A2F618400505EFB /* LaunchScreen.storyboard in Resources */,
				A57C92F82A2F618400505EFB /* Assets.xcassets in Resources */,
				A57C92F32A2F618100505EFB /* Main.storyboard in Resources */,
			);
			runOnlyForDeploymentPostprocessing = 0;
		};
		A57C92FF2A2F618500505EFB /* Resources */ = {
			isa = PBXResourcesBuildPhase;
			buildActionMask = 2147483647;
			files = (
			);
			runOnlyForDeploymentPostprocessing = 0;
		};
		A57C93092A2F618500505EFB /* Resources */ = {
			isa = PBXResourcesBuildPhase;
			buildActionMask = 2147483647;
			files = (
			);
			runOnlyForDeploymentPostprocessing = 0;
		};
/* End PBXResourcesBuildPhase section */

/* Begin PBXSourcesBuildPhase section */
		A57C92E42A2F618100505EFB /* Sources */ = {
			isa = PBXSourcesBuildPhase;
			buildActionMask = 2147483647;
			files = (
				A58975452A4B1ADC00CCDBE7 /* LoginCoordinator.swift in Sources */,
				A58975482A4B1C7400CCDBE7 /* LoginView.swift in Sources */,
				A58975692A4DC42100CCDBE7 /* HomeViewController.swift in Sources */,
				A57C92F02A2F618100505EFB /* ViewController.swift in Sources */,
				A589755E2A4DBA4A00CCDBE7 /* RegisterView.swift in Sources */,
				A58975642A4DC3D900CCDBE7 /* ViewControllerDefault.swift in Sources */,
				A57C92EC2A2F618100505EFB /* AppDelegate.swift in Sources */,
				A58975512A4B819900CCDBE7 /* LabelDefault.swift in Sources */,
				A58975602A4DBA5800CCDBE7 /* RegisterViewController.swift in Sources */,
				A589754A2A4B1C8500CCDBE7 /* LoginViewController.swift in Sources */,
				A58975672A4DC41700CCDBE7 /* HomeView.swift in Sources */,
				A589756D2A5206AC00CCDBE7 /* ViewDefault.swift in Sources */,
				A58975432A4B1A8000CCDBE7 /* Coordinator.swift in Sources */,
				A58975562A4B81EE00CCDBE7 /* ButtonDefault.swift in Sources */,
				A58975532A4B81BF00CCDBE7 /* TextFieldDefault.swift in Sources */,
				A57C92F62A2F618100505EFB /* appNotifica.xcdatamodeld in Sources */,
				A58975582A4B822500CCDBE7 /* ImageDefault.swift in Sources */,
				A58975622A4DBB3200CCDBE7 /* RegisterCoordinator.swift in Sources */,
				A589756B2A4DC52E00CCDBE7 /* HomeCoordinator.swift in Sources */,
				A589754E2A4B7C0500CCDBE7 /* UIcolor+.swift in Sources */,
				A57C92EE2A2F618100505EFB /* SceneDelegate.swift in Sources */,
			);
			runOnlyForDeploymentPostprocessing = 0;
		};
		A57C92FD2A2F618500505EFB /* Sources */ = {
			isa = PBXSourcesBuildPhase;
			buildActionMask = 2147483647;
			files = (
				A57C93062A2F618500505EFB /* appNotificaTests.swift in Sources */,
			);
			runOnlyForDeploymentPostprocessing = 0;
		};
		A57C93072A2F618500505EFB /* Sources */ = {
			isa = PBXSourcesBuildPhase;
			buildActionMask = 2147483647;
			files = (
				A57C93102A2F618500505EFB /* appNotificaUITests.swift in Sources */,
				A57C93122A2F618500505EFB /* appNotificaUITestsLaunchTests.swift in Sources */,
			);
			runOnlyForDeploymentPostprocessing = 0;
		};
/* End PBXSourcesBuildPhase section */

/* Begin PBXTargetDependency section */
		A57C93032A2F618500505EFB /* PBXTargetDependency */ = {
			isa = PBXTargetDependency;
			target = A57C92E72A2F618100505EFB /* appNotifica */;
			targetProxy = A57C93022A2F618500505EFB /* PBXContainerItemProxy */;
		};
		A57C930D2A2F618500505EFB /* PBXTargetDependency */ = {
			isa = PBXTargetDependency;
			target = A57C92E72A2F618100505EFB /* appNotifica */;
			targetProxy = A57C930C2A2F618500505EFB /* PBXContainerItemProxy */;
		};
/* End PBXTargetDependency section */

/* Begin PBXVariantGroup section */
		A57C92F12A2F618100505EFB /* Main.storyboard */ = {
			isa = PBXVariantGroup;
			children = (
				A57C92F22A2F618100505EFB /* Base */,
			);
			name = Main.storyboard;
			sourceTree = "<group>";
		};
		A57C92F92A2F618400505EFB /* LaunchScreen.storyboard */ = {
			isa = PBXVariantGroup;
			children = (
				A57C92FA2A2F618400505EFB /* Base */,
			);
			name = LaunchScreen.storyboard;
			sourceTree = "<group>";
		};
/* End PBXVariantGroup section */

/* Begin XCBuildConfiguration section */
		A57C93132A2F618500505EFB /* Debug */ = {
			isa = XCBuildConfiguration;
			buildSettings = {
				ALWAYS_SEARCH_USER_PATHS = NO;
				CLANG_ANALYZER_NONNULL = YES;
				CLANG_ANALYZER_NUMBER_OBJECT_CONVERSION = YES_AGGRESSIVE;
				CLANG_CXX_LANGUAGE_STANDARD = "gnu++20";
				CLANG_ENABLE_MODULES = YES;
				CLANG_ENABLE_OBJC_ARC = YES;
				CLANG_ENABLE_OBJC_WEAK = YES;
				CLANG_WARN_BLOCK_CAPTURE_AUTORELEASING = YES;
				CLANG_WARN_BOOL_CONVERSION = YES;
				CLANG_WARN_COMMA = YES;
				CLANG_WARN_CONSTANT_CONVERSION = YES;
				CLANG_WARN_DEPRECATED_OBJC_IMPLEMENTATIONS = YES;
				CLANG_WARN_DIRECT_OBJC_ISA_USAGE = YES_ERROR;
				CLANG_WARN_DOCUMENTATION_COMMENTS = YES;
				CLANG_WARN_EMPTY_BODY = YES;
				CLANG_WARN_ENUM_CONVERSION = YES;
				CLANG_WARN_INFINITE_RECURSION = YES;
				CLANG_WARN_INT_CONVERSION = YES;
				CLANG_WARN_NON_LITERAL_NULL_CONVERSION = YES;
				CLANG_WARN_OBJC_IMPLICIT_RETAIN_SELF = YES;
				CLANG_WARN_OBJC_LITERAL_CONVERSION = YES;
				CLANG_WARN_OBJC_ROOT_CLASS = YES_ERROR;
				CLANG_WARN_QUOTED_INCLUDE_IN_FRAMEWORK_HEADER = YES;
				CLANG_WARN_RANGE_LOOP_ANALYSIS = YES;
				CLANG_WARN_STRICT_PROTOTYPES = YES;
				CLANG_WARN_SUSPICIOUS_MOVE = YES;
				CLANG_WARN_UNGUARDED_AVAILABILITY = YES_AGGRESSIVE;
				CLANG_WARN_UNREACHABLE_CODE = YES;
				CLANG_WARN__DUPLICATE_METHOD_MATCH = YES;
				COPY_PHASE_STRIP = NO;
				DEBUG_INFORMATION_FORMAT = dwarf;
				ENABLE_STRICT_OBJC_MSGSEND = YES;
				ENABLE_TESTABILITY = YES;
				GCC_C_LANGUAGE_STANDARD = gnu11;
				GCC_DYNAMIC_NO_PIC = NO;
				GCC_NO_COMMON_BLOCKS = YES;
				GCC_OPTIMIZATION_LEVEL = 0;
				GCC_PREPROCESSOR_DEFINITIONS = (
					"DEBUG=1",
					"$(inherited)",
				);
				GCC_WARN_64_TO_32_BIT_CONVERSION = YES;
				GCC_WARN_ABOUT_RETURN_TYPE = YES_ERROR;
				GCC_WARN_UNDECLARED_SELECTOR = YES;
				GCC_WARN_UNINITIALIZED_AUTOS = YES_AGGRESSIVE;
				GCC_WARN_UNUSED_FUNCTION = YES;
				GCC_WARN_UNUSED_VARIABLE = YES;
				IPHONEOS_DEPLOYMENT_TARGET = 16.4;
				MTL_ENABLE_DEBUG_INFO = INCLUDE_SOURCE;
				MTL_FAST_MATH = YES;
				ONLY_ACTIVE_ARCH = YES;
				SDKROOT = iphoneos;
				SWIFT_ACTIVE_COMPILATION_CONDITIONS = DEBUG;
				SWIFT_OPTIMIZATION_LEVEL = "-Onone";
			};
			name = Debug;
		};
		A57C93142A2F618500505EFB /* Release */ = {
			isa = XCBuildConfiguration;
			buildSettings = {
				ALWAYS_SEARCH_USER_PATHS = NO;
				CLANG_ANALYZER_NONNULL = YES;
				CLANG_ANALYZER_NUMBER_OBJECT_CONVERSION = YES_AGGRESSIVE;
				CLANG_CXX_LANGUAGE_STANDARD = "gnu++20";
				CLANG_ENABLE_MODULES = YES;
				CLANG_ENABLE_OBJC_ARC = YES;
				CLANG_ENABLE_OBJC_WEAK = YES;
				CLANG_WARN_BLOCK_CAPTURE_AUTORELEASING = YES;
				CLANG_WARN_BOOL_CONVERSION = YES;
				CLANG_WARN_COMMA = YES;
				CLANG_WARN_CONSTANT_CONVERSION = YES;
				CLANG_WARN_DEPRECATED_OBJC_IMPLEMENTATIONS = YES;
				CLANG_WARN_DIRECT_OBJC_ISA_USAGE = YES_ERROR;
				CLANG_WARN_DOCUMENTATION_COMMENTS = YES;
				CLANG_WARN_EMPTY_BODY = YES;
				CLANG_WARN_ENUM_CONVERSION = YES;
				CLANG_WARN_INFINITE_RECURSION = YES;
				CLANG_WARN_INT_CONVERSION = YES;
				CLANG_WARN_NON_LITERAL_NULL_CONVERSION = YES;
				CLANG_WARN_OBJC_IMPLICIT_RETAIN_SELF = YES;
				CLANG_WARN_OBJC_LITERAL_CONVERSION = YES;
				CLANG_WARN_OBJC_ROOT_CLASS = YES_ERROR;
				CLANG_WARN_QUOTED_INCLUDE_IN_FRAMEWORK_HEADER = YES;
				CLANG_WARN_RANGE_LOOP_ANALYSIS = YES;
				CLANG_WARN_STRICT_PROTOTYPES = YES;
				CLANG_WARN_SUSPICIOUS_MOVE = YES;
				CLANG_WARN_UNGUARDED_AVAILABILITY = YES_AGGRESSIVE;
				CLANG_WARN_UNREACHABLE_CODE = YES;
				CLANG_WARN__DUPLICATE_METHOD_MATCH = YES;
				COPY_PHASE_STRIP = NO;
				DEBUG_INFORMATION_FORMAT = "dwarf-with-dsym";
				ENABLE_NS_ASSERTIONS = NO;
				ENABLE_STRICT_OBJC_MSGSEND = YES;
				GCC_C_LANGUAGE_STANDARD = gnu11;
				GCC_NO_COMMON_BLOCKS = YES;
				GCC_WARN_64_TO_32_BIT_CONVERSION = YES;
				GCC_WARN_ABOUT_RETURN_TYPE = YES_ERROR;
				GCC_WARN_UNDECLARED_SELECTOR = YES;
				GCC_WARN_UNINITIALIZED_AUTOS = YES_AGGRESSIVE;
				GCC_WARN_UNUSED_FUNCTION = YES;
				GCC_WARN_UNUSED_VARIABLE = YES;
				IPHONEOS_DEPLOYMENT_TARGET = 16.4;
				MTL_ENABLE_DEBUG_INFO = NO;
				MTL_FAST_MATH = YES;
				SDKROOT = iphoneos;
				SWIFT_COMPILATION_MODE = wholemodule;
				SWIFT_OPTIMIZATION_LEVEL = "-O";
				VALIDATE_PRODUCT = YES;
			};
			name = Release;
		};
		A57C93162A2F618500505EFB /* Debug */ = {
			isa = XCBuildConfiguration;
			buildSettings = {
				ASSETCATALOG_COMPILER_APPICON_NAME = AppIcon;
				ASSETCATALOG_COMPILER_GLOBAL_ACCENT_COLOR_NAME = AccentColor;
				CODE_SIGN_STYLE = Automatic;
				CURRENT_PROJECT_VERSION = 1;
				GENERATE_INFOPLIST_FILE = YES;
				INFOPLIST_FILE = appNotifica/Info.plist;
				INFOPLIST_KEY_UIApplicationSupportsIndirectInputEvents = YES;
				INFOPLIST_KEY_UILaunchStoryboardName = LaunchScreen;
				INFOPLIST_KEY_UIMainStoryboardFile = Main;
				INFOPLIST_KEY_UISupportedInterfaceOrientations_iPad = "UIInterfaceOrientationPortrait UIInterfaceOrientationPortraitUpsideDown UIInterfaceOrientationLandscapeLeft UIInterfaceOrientationLandscapeRight";
				INFOPLIST_KEY_UISupportedInterfaceOrientations_iPhone = "UIInterfaceOrientationPortrait UIInterfaceOrientationLandscapeLeft UIInterfaceOrientationLandscapeRight";
				LD_RUNPATH_SEARCH_PATHS = (
					"$(inherited)",
					"@executable_path/Frameworks",
				);
				MARKETING_VERSION = 1.0;
				PRODUCT_BUNDLE_IDENTIFIER = br.com.carlos.appNotifica;
				PRODUCT_NAME = "$(TARGET_NAME)";
				SWIFT_EMIT_LOC_STRINGS = YES;
				SWIFT_VERSION = 5.0;
				TARGETED_DEVICE_FAMILY = "1,2";
			};
			name = Debug;
		};
		A57C93172A2F618500505EFB /* Release */ = {
			isa = XCBuildConfiguration;
			buildSettings = {
				ASSETCATALOG_COMPILER_APPICON_NAME = AppIcon;
				ASSETCATALOG_COMPILER_GLOBAL_ACCENT_COLOR_NAME = AccentColor;
				CODE_SIGN_STYLE = Automatic;
				CURRENT_PROJECT_VERSION = 1;
				GENERATE_INFOPLIST_FILE = YES;
				INFOPLIST_FILE = appNotifica/Info.plist;
				INFOPLIST_KEY_UIApplicationSupportsIndirectInputEvents = YES;
				INFOPLIST_KEY_UILaunchStoryboardName = LaunchScreen;
				INFOPLIST_KEY_UIMainStoryboardFile = Main;
				INFOPLIST_KEY_UISupportedInterfaceOrientations_iPad = "UIInterfaceOrientationPortrait UIInterfaceOrientationPortraitUpsideDown UIInterfaceOrientationLandscapeLeft UIInterfaceOrientationLandscapeRight";
				INFOPLIST_KEY_UISupportedInterfaceOrientations_iPhone = "UIInterfaceOrientationPortrait UIInterfaceOrientationLandscapeLeft UIInterfaceOrientationLandscapeRight";
				LD_RUNPATH_SEARCH_PATHS = (
					"$(inherited)",
					"@executable_path/Frameworks",
				);
				MARKETING_VERSION = 1.0;
				PRODUCT_BUNDLE_IDENTIFIER = br.com.carlos.appNotifica;
				PRODUCT_NAME = "$(TARGET_NAME)";
				SWIFT_EMIT_LOC_STRINGS = YES;
				SWIFT_VERSION = 5.0;
				TARGETED_DEVICE_FAMILY = "1,2";
			};
			name = Release;
		};
		A57C93192A2F618500505EFB /* Debug */ = {
			isa = XCBuildConfiguration;
			buildSettings = {
				ALWAYS_EMBED_SWIFT_STANDARD_LIBRARIES = YES;
				BUNDLE_LOADER = "$(TEST_HOST)";
				CODE_SIGN_STYLE = Automatic;
				CURRENT_PROJECT_VERSION = 1;
				GENERATE_INFOPLIST_FILE = YES;
				IPHONEOS_DEPLOYMENT_TARGET = 16.4;
				MARKETING_VERSION = 1.0;
				PRODUCT_BUNDLE_IDENTIFIER = br.com.carlos.appNotificaTests;
				PRODUCT_NAME = "$(TARGET_NAME)";
				SWIFT_EMIT_LOC_STRINGS = NO;
				SWIFT_VERSION = 5.0;
				TARGETED_DEVICE_FAMILY = "1,2";
				TEST_HOST = "$(BUILT_PRODUCTS_DIR)/appNotifica.app/$(BUNDLE_EXECUTABLE_FOLDER_PATH)/appNotifica";
			};
			name = Debug;
		};
		A57C931A2A2F618500505EFB /* Release */ = {
			isa = XCBuildConfiguration;
			buildSettings = {
				ALWAYS_EMBED_SWIFT_STANDARD_LIBRARIES = YES;
				BUNDLE_LOADER = "$(TEST_HOST)";
				CODE_SIGN_STYLE = Automatic;
				CURRENT_PROJECT_VERSION = 1;
				GENERATE_INFOPLIST_FILE = YES;
				IPHONEOS_DEPLOYMENT_TARGET = 16.4;
				MARKETING_VERSION = 1.0;
				PRODUCT_BUNDLE_IDENTIFIER = br.com.carlos.appNotificaTests;
				PRODUCT_NAME = "$(TARGET_NAME)";
				SWIFT_EMIT_LOC_STRINGS = NO;
				SWIFT_VERSION = 5.0;
				TARGETED_DEVICE_FAMILY = "1,2";
				TEST_HOST = "$(BUILT_PRODUCTS_DIR)/appNotifica.app/$(BUNDLE_EXECUTABLE_FOLDER_PATH)/appNotifica";
			};
			name = Release;
		};
		A57C931C2A2F618500505EFB /* Debug */ = {
			isa = XCBuildConfiguration;
			buildSettings = {
				ALWAYS_EMBED_SWIFT_STANDARD_LIBRARIES = YES;
				CODE_SIGN_STYLE = Automatic;
				CURRENT_PROJECT_VERSION = 1;
				GENERATE_INFOPLIST_FILE = YES;
				IPHONEOS_DEPLOYMENT_TARGET = 16.4;
				MARKETING_VERSION = 1.0;
				PRODUCT_BUNDLE_IDENTIFIER = br.com.carlos.appNotificaUITests;
				PRODUCT_NAME = "$(TARGET_NAME)";
				SWIFT_EMIT_LOC_STRINGS = NO;
				SWIFT_VERSION = 5.0;
				TARGETED_DEVICE_FAMILY = "1,2";
				TEST_TARGET_NAME = appNotifica;
			};
			name = Debug;
		};
		A57C931D2A2F618500505EFB /* Release */ = {
			isa = XCBuildConfiguration;
			buildSettings = {
				ALWAYS_EMBED_SWIFT_STANDARD_LIBRARIES = YES;
				CODE_SIGN_STYLE = Automatic;
				CURRENT_PROJECT_VERSION = 1;
				GENERATE_INFOPLIST_FILE = YES;
				IPHONEOS_DEPLOYMENT_TARGET = 16.4;
				MARKETING_VERSION = 1.0;
				PRODUCT_BUNDLE_IDENTIFIER = br.com.carlos.appNotificaUITests;
				PRODUCT_NAME = "$(TARGET_NAME)";
				SWIFT_EMIT_LOC_STRINGS = NO;
				SWIFT_VERSION = 5.0;
				TARGETED_DEVICE_FAMILY = "1,2";
				TEST_TARGET_NAME = appNotifica;
			};
			name = Release;
		};
/* End XCBuildConfiguration section */

/* Begin XCConfigurationList section */
		A57C92E32A2F618100505EFB /* Build configuration list for PBXProject "appNotifica" */ = {
			isa = XCConfigurationList;
			buildConfigurations = (
				A57C93132A2F618500505EFB /* Debug */,
				A57C93142A2F618500505EFB /* Release */,
			);
			defaultConfigurationIsVisible = 0;
			defaultConfigurationName = Release;
		};
		A57C93152A2F618500505EFB /* Build configuration list for PBXNativeTarget "appNotifica" */ = {
			isa = XCConfigurationList;
			buildConfigurations = (
				A57C93162A2F618500505EFB /* Debug */,
				A57C93172A2F618500505EFB /* Release */,
			);
			defaultConfigurationIsVisible = 0;
			defaultConfigurationName = Release;
		};
		A57C93182A2F618500505EFB /* Build configuration list for PBXNativeTarget "appNotificaTests" */ = {
			isa = XCConfigurationList;
			buildConfigurations = (
				A57C93192A2F618500505EFB /* Debug */,
				A57C931A2A2F618500505EFB /* Release */,
			);
			defaultConfigurationIsVisible = 0;
			defaultConfigurationName = Release;
		};
		A57C931B2A2F618500505EFB /* Build configuration list for PBXNativeTarget "appNotificaUITests" */ = {
			isa = XCConfigurationList;
			buildConfigurations = (
				A57C931C2A2F618500505EFB /* Debug */,
				A57C931D2A2F618500505EFB /* Release */,
			);
			defaultConfigurationIsVisible = 0;
			defaultConfigurationName = Release;
		};
/* End XCConfigurationList section */

/* Begin XCVersionGroup section */
		A57C92F42A2F618100505EFB /* appNotifica.xcdatamodeld */ = {
			isa = XCVersionGroup;
			children = (
				A57C92F52A2F618100505EFB /* appNotifica.xcdatamodel */,
			);
			currentVersion = A57C92F52A2F618100505EFB /* appNotifica.xcdatamodel */;
			path = appNotifica.xcdatamodeld;
			sourceTree = "<group>";
			versionGroupType = wrapper.xcdatamodel;
		};
/* End XCVersionGroup section */
	};
	rootObject = A57C92E02A2F618100505EFB /* Project object */;
}
